
Microsoft Visual Studio Solution File, Format Version 12.00
# Visual Studio Version 16
VisualStudioVersion = 16.0.31410.357
MinimumVisualStudioVersion = 10.0.40219.1
Project("{FAE04EC0-301F-11D3-BF4B-00C04F79EFBC}") = "FileManageSystem", "FileManageSystem\FileManageSystem.csproj", "{36D82C04-FF4F-441E-B122-FF54626FDA25}"
EndProject
Global
	GlobalSection(SolutionConfigurationPlatforms) = preSolution
		Debug|Any CPU = Debug|Any CPU
		Release|Any CPU = Release|Any CPU
	EndGlobalSection
	GlobalSection(ProjectConfigurationPlatforms) = postSolution
		{36D82C04-FF4F-441E-B122-FF54626FDA25}.Debug|Any CPU.ActiveCfg = Debug|Any CPU
		{36D82C04-FF4F-441E-B122-FF54626FDA25}.Debug|Any CPU.Build.0 = Debug|Any CPU
		{36D82C04-FF4F-441E-B122-FF54626FDA25}.Release|Any CPU.ActiveCfg = Release|Any CPU
		{36D82C04-FF4F-441E-B122-FF54626FDA25}.Release|Any CPU.Build.0 = Release|Any CPU
	EndGlobalSection
	GlobalSection(SolutionProperties) = preSolution
		HideSolutionNode = FALSE
	EndGlobalSection
	GlobalSection(ExtensibilityGlobals) = postSolution
		SolutionGuid = {0FD1D259-75E6-4609-9968-F6E45F79506E}
	EndGlobalSection
EndGlobal
